[[package]]
name = "cutelog"
version = "2.0.7"
requires_python = ">=3.5"
summary = "GUI for Python's logging module"
dependencies = [
    "PyQt5; platform_system == \"Darwin\"",
    "PyQt5; platform_system == \"Windows\"",
    "QtPy",
]

[[package]]
name = "packaging"
version = "21.3"
requires_python = ">=3.6"
summary = "Core utilities for Python packages"
dependencies = [
    "pyparsing!=3.0.5,>=2.0.2",
]

[[package]]
name = "pyparsing"
version = "3.0.9"
requires_python = ">=3.6.8"
summary = "pyparsing module - Classes and methods to define and execute parsing grammars"

[[package]]
name = "pyqt5"
version = "5.15.7"
requires_python = ">=3.7"
summary = "Python bindings for the Qt cross platform application toolkit"
dependencies = [
    "PyQt5-Qt5>=5.15.0",
    "PyQt5-sip<13,>=12.11",
]

[[package]]
name = "pyqt5-qt5"
version = "5.15.2"
summary = "The subset of a Qt installation needed by PyQt5."

[[package]]
name = "pyqt5-sip"
version = "12.11.0"
requires_python = ">=3.7"
summary = "The sip module support for PyQt5"

[[package]]
name = "qtpy"
version = "2.2.1"
requires_python = ">=3.7"
summary = "Provides an abstraction layer on top of the various Qt bindings (PyQt5/6 and PySide2/6)."
dependencies = [
    "packaging",
]

[[package]]
name = "setuptools"
version = "65.5.1"
requires_python = ">=3.7"
summary = "Easily download, build, install, upgrade, and uninstall Python packages"

[metadata]
lock_version = "4.0"
content_hash = "sha256:13e115df9d91ede7dfe88cd3bbf40485d16ce504784b5c2f67f62aeb429506f2"

[metadata.files]
"cutelog 2.0.7" = [
    {url = "https://files.pythonhosted.org/packages/e0/d9/649c4464a3a548bdb2625fbdf8930e01a28d237c60cf66b6259f9ab37ae7/cutelog-2.0.7-py3-none-any.whl", hash = "sha256:8da2a760227b497831cbc3f04c8db7d5091b10f543ad050c97a58e1279b73200"},
]
"packaging 21.3" = [
    {url = "https://files.pythonhosted.org/packages/05/8e/8de486cbd03baba4deef4142bd643a3e7bbe954a784dc1bb17142572d127/packaging-21.3-py3-none-any.whl", hash = "sha256:ef103e05f519cdc783ae24ea4e2e0f508a9c99b2d4969652eed6a2e1ea5bd522"},
    {url = "https://files.pythonhosted.org/packages/df/9e/d1a7217f69310c1db8fdf8ab396229f55a699ce34a203691794c5d1cad0c/packaging-21.3.tar.gz", hash = "sha256:dd47c42927d89ab911e606518907cc2d3a1f38bbd026385970643f9c5b8ecfeb"},
]
"pyparsing 3.0.9" = [
    {url = "https://files.pythonhosted.org/packages/6c/10/a7d0fa5baea8fe7b50f448ab742f26f52b80bfca85ac2be9d35cdd9a3246/pyparsing-3.0.9-py3-none-any.whl", hash = "sha256:5026bae9a10eeaefb61dab2f09052b9f4307d44aee4eda64b309723d8d206bbc"},
    {url = "https://files.pythonhosted.org/packages/71/22/207523d16464c40a0310d2d4d8926daffa00ac1f5b1576170a32db749636/pyparsing-3.0.9.tar.gz", hash = "sha256:2b020ecf7d21b687f219b71ecad3631f644a47f01403fa1d1036b0c6416d70fb"},
]
"pyqt5 5.15.7" = [
    {url = "https://files.pythonhosted.org/packages/14/75/596d5e9ed7a135918bb157ed315004ac008e09b9b4c9328f94568c88f003/PyQt5-5.15.7-cp37-abi3-macosx_10_13_x86_64.whl", hash = "sha256:1a793748c60d5aff3850b7abf84d47c1d41edb11231b7d7c16bef602c36be643"},
    {url = "https://files.pythonhosted.org/packages/22/0d/4ea05714826a5f6478dc2845cd94ad76dce3c4c0ead0842b06cacd4e3492/PyQt5-5.15.7-cp37-abi3-manylinux1_x86_64.whl", hash = "sha256:e319c9d8639e0729235c1b09c99afdadad96fa3dbd8392ab561b5ab5946ee6ef"},
    {url = "https://files.pythonhosted.org/packages/bd/85/31a12415765acb48fddac3e207cfffcbbae826fe194cf1d92179d8872f59/PyQt5-5.15.7-cp37-abi3-win_amd64.whl", hash = "sha256:232fe5b135a095cbd024cf341d928fc672c963f88e6a52b0c605be8177c2fdb5"},
    {url = "https://files.pythonhosted.org/packages/c6/ea/5fa344ed69086218b30542c3b2e381c1f52ec4b141f878e9601e3b81dc71/PyQt5-5.15.7-cp37-abi3-win32.whl", hash = "sha256:08694f0a4c7d4f3d36b2311b1920e6283240ad3b7c09b515e08262e195dcdf37"},
    {url = "https://files.pythonhosted.org/packages/e1/57/2023316578646e1adab903caab714708422f83a57f97eb34a5d13510f4e1/PyQt5-5.15.7.tar.gz", hash = "sha256:755121a52b3a08cb07275c10ebb96576d36e320e572591db16cfdbc558101594"},
]
"pyqt5-qt5 5.15.2" = [
    {url = "https://files.pythonhosted.org/packages/1c/7e/ce7c66a541a105fa98b41d6405fe84940564695e29fc7dccf6d9e8c5f898/PyQt5_Qt5-5.15.2-py3-none-win32.whl", hash = "sha256:9cc7a768b1921f4b982ebc00a318ccb38578e44e45316c7a4a850e953e1dd327"},
    {url = "https://files.pythonhosted.org/packages/37/97/5d3b222b924fa2ed4c2488925155cd0b03fd5d09ee1cfcf7c553c11c9f66/PyQt5_Qt5-5.15.2-py3-none-win_amd64.whl", hash = "sha256:750b78e4dba6bdf1607febedc08738e318ea09e9b10aea9ff0d73073f11f6962"},
    {url = "https://files.pythonhosted.org/packages/62/09/99a222b0360616250fb2e6003a54e43a2a06b0774f0f8d5daafb86a2c375/PyQt5_Qt5-5.15.2-py3-none-macosx_10_13_intel.whl", hash = "sha256:76980cd3d7ae87e3c7a33bfebfaee84448fd650bad6840471d6cae199b56e154"},
    {url = "https://files.pythonhosted.org/packages/83/d4/241a6a518d0bcf0a9fcdcbad5edfed18d43e884317eab8d5230a2b27e206/PyQt5_Qt5-5.15.2-py3-none-manylinux2014_x86_64.whl", hash = "sha256:1988f364ec8caf87a6ee5d5a3a5210d57539988bf8e84714c7d60972692e2f4a"},
]
"pyqt5-sip 12.11.0" = [
    {url = "https://files.pythonhosted.org/packages/0a/0a/5386772f8e4fe865d306e9e6d91f3605c09209a3e226919b898270127340/PyQt5_sip-12.11.0-cp37-cp37m-win_amd64.whl", hash = "sha256:b69a1911f768b489846335e31e49eb34795c6b5a038ca24d894d751e3b0b44da"},
    {url = "https://files.pythonhosted.org/packages/0d/1c/ccc6fd48150c07cbae52f6d2c9c40500e3252aa23cd98d5813973b7a150a/PyQt5_sip-12.11.0-cp39-cp39-manylinux1_x86_64.whl", hash = "sha256:205f3e1b3eea3597d8e878936c1a06e04bd23a59e8b179ee806465d72eea3071"},
    {url = "https://files.pythonhosted.org/packages/0e/bf/af987c45abd8604efcc99551550546f8cdef5e986b258eb09e0e88ede239/PyQt5_sip-12.11.0-cp39-cp39-macosx_10_9_universal2.whl", hash = "sha256:9356260d4feb60dbac0ab66f8a791a0d2cda1bf98c9dec8e575904a045fbf7c5"},
    {url = "https://files.pythonhosted.org/packages/12/0f/54228b287741959a486d0a38a6626e0ba0ffc7c1c8d4fab0951c77c11e3a/PyQt5_sip-12.11.0-cp311-cp311-macosx_10_9_universal2.whl", hash = "sha256:bd733667098cac70e89279d9c239106d543fb480def62a44e6366ccb8f68510b"},
    {url = "https://files.pythonhosted.org/packages/22/9b/deddfddae70651d058df6ca674790c4214d4021b59f22c3ae3a51ceb2551/PyQt5_sip-12.11.0-cp39-cp39-win32.whl", hash = "sha256:686071be054e5be6ca5aaaef7960931d4ba917277e839e2e978c7cbe3f43bb6e"},
    {url = "https://files.pythonhosted.org/packages/25/e3/e869173f015fbff0a6764f002f5217ac2b8da2ae137b2792547bc81c65c0/PyQt5_sip-12.11.0-cp310-cp310-macosx_10_9_universal2.whl", hash = "sha256:f1f9e312ff8284d6dfebc5366f6f7d103f84eec23a4da0be0482403933e68660"},
    {url = "https://files.pythonhosted.org/packages/29/f9/aed0c4194c1efe8840f658719efad248d10ee797278fecb23dcf236c52f3/PyQt5_sip-12.11.0-cp38-cp38-win_amd64.whl", hash = "sha256:f6b72035da4e8fecbb0bc4a972e30a5674a9ad5608dbddaa517e983782dbf3bf"},
    {url = "https://files.pythonhosted.org/packages/2e/1a/cf06313fb7d19d075d0185fcab5fc64ade7b8429788092fd1e3fd3c4e5bd/PyQt5_sip-12.11.0-cp37-cp37m-manylinux1_x86_64.whl", hash = "sha256:ec5e9ef78852e1f96f86d7e15c9215878422b83dde36d44f1539a3062942f19c"},
    {url = "https://files.pythonhosted.org/packages/39/5f/fd9384fdcb9cd0388088899c110838007f49f5da1dd1ef6749bfb728a5da/PyQt5_sip-12.11.0.tar.gz", hash = "sha256:b4710fd85b57edef716cc55fae45bfd5bfac6fc7ba91036f1dcc3f331ca0eb39"},
    {url = "https://files.pythonhosted.org/packages/41/b5/473fbe697cfe01b5389c968ba16bbcb6fa4080f594661ed44e8cc3ea5f7a/PyQt5_sip-12.11.0-cp38-cp38-manylinux1_x86_64.whl", hash = "sha256:4e5c1559311515291ea0ab0635529f14536954e3b973a7c7890ab7e4de1c2c23"},
    {url = "https://files.pythonhosted.org/packages/53/32/af0a7d44f0abfceae185134efa4ef65770eeac20f21239bdce4aee0460bd/PyQt5_sip-12.11.0-cp311-cp311-win32.whl", hash = "sha256:43dfe6dd409e713edeb67019b85419a7a0dc9923bfc451d6cf3778471c122532"},
    {url = "https://files.pythonhosted.org/packages/6e/8c/00fee4ad4602c3cbf4b73e1b42a0bba1018005633ec7ef831db33dbbd80a/PyQt5_sip-12.11.0-cp311-cp311-win_amd64.whl", hash = "sha256:afa4ffffc54e306669bf2b66ea37abbc56c5cdda4f3f474d20324e3634302b12"},
    {url = "https://files.pythonhosted.org/packages/71/47/a25ac7a064ab715a785bacd6d516e5787e56eaff19285fd0650d5d910a10/PyQt5_sip-12.11.0-cp37-cp37m-win32.whl", hash = "sha256:d12b81c3a08abf7657a2ebc7d3649852a1f327eb2146ebadf45930486d32e920"},
    {url = "https://files.pythonhosted.org/packages/84/43/f64bb816feb9bb9e02d472092199635c243ae86ba12e77528dac05eab8db/PyQt5_sip-12.11.0-cp311-cp311-manylinux_2_5_x86_64.manylinux1_x86_64.whl", hash = "sha256:ec1d8ce50be76c5c1d1c86c6dc0ccacc2446172dde98b663a17871f532f9bd44"},
    {url = "https://files.pythonhosted.org/packages/c3/b6/da9a15efacb7b4a73c976e3fe13f9b6ff9694299093bc32d288ff89ddcc4/PyQt5_sip-12.11.0-cp310-cp310-win32.whl", hash = "sha256:ad21ca0ee8cae2a41b61fc04949dccfab6fe008749627d94e8c7078cb7a73af1"},
    {url = "https://files.pythonhosted.org/packages/c7/8b/0f35a6e016c9f49da0cd8834ee2918e4d45dea449fba9ed1321d87826afd/PyQt5_sip-12.11.0-cp310-cp310-manylinux1_x86_64.whl", hash = "sha256:4031547dfb679be309094bfa79254f5badc5ddbe66b9ad38e319d84a7d612443"},
    {url = "https://files.pythonhosted.org/packages/c8/62/cd0c7bab5ee60f8a4416857aa703bb7e285bf09d3b2564e136e55a5c3a79/PyQt5_sip-12.11.0-cp38-cp38-win32.whl", hash = "sha256:9bca450c5306890cb002fe36bbca18f979dd9e5b810b766dce8e3ce5e66ba795"},
    {url = "https://files.pythonhosted.org/packages/d1/85/e30b11daf7b8d4e00ed51c17204ec3df446041206d22087d2c5dc17d8543/PyQt5_sip-12.11.0-cp39-cp39-win_amd64.whl", hash = "sha256:42320e7a94b1085ed85d49794ed4ccfe86f1cae80b44a894db908a8aba2bc60e"},
    {url = "https://files.pythonhosted.org/packages/d2/f9/7f62da7cc4a15d6a9c83a7d18b29ec9a6a04235fb9989973facbfbf51080/PyQt5_sip-12.11.0-cp37-cp37m-macosx_10_9_x86_64.whl", hash = "sha256:0f77655c62ec91d47c2c99143f248624d44dd2d8a12d016e7c020508ad418aca"},
    {url = "https://files.pythonhosted.org/packages/ea/58/13becbb979991ea31ac08cdc7a1d3581b0ec9c4c85e76cb39c0ae645c720/PyQt5_sip-12.11.0-cp38-cp38-macosx_10_9_x86_64.whl", hash = "sha256:51e377789d59196213eddf458e6927f33ba9d217b614d17d20df16c9a8b2c41c"},
    {url = "https://files.pythonhosted.org/packages/fa/88/d8846f019aa9b2f0e7f0a49e1ee9ba84ac200175d8856178b2167c8e770d/PyQt5_sip-12.11.0-cp310-cp310-win_amd64.whl", hash = "sha256:3126c84568ab341c12e46ded2230f62a9a78752a70fdab13713f89a71cd44f73"},
]
"qtpy 2.2.1" = [
    {url = "https://files.pythonhosted.org/packages/58/3c/9a4d1ca681c6e0e3d2e3d29b0dd7b915ac7cc9d442440a297ed6331608f2/QtPy-2.2.1.tar.gz", hash = "sha256:7d5231133b772e40b4ee514b6673aca558331e4b88ca038b26c9e16c5c95524f"},
    {url = "https://files.pythonhosted.org/packages/7f/bc/7d1e8276b6519aba7d619472f8dd4d3298f24cff3431c6c23f4532857ce6/QtPy-2.2.1-py3-none-any.whl", hash = "sha256:268cf5328f41353be1b127e04a81bc74ec9a9b54c9ac75dd8fe0ff48d8ad6ead"},
]
"setuptools 65.5.1" = [
    {url = "https://files.pythonhosted.org/packages/26/f4/ca5cb6df512f453ad50f78900bf7ec6a5491ee44bb49d0f6f76802dbdd43/setuptools-65.5.1.tar.gz", hash = "sha256:e197a19aa8ec9722928f2206f8de752def0e4c9fc6953527360d1c36d94ddb2f"},
    {url = "https://files.pythonhosted.org/packages/b6/40/353c051f77ee5618adaf1fd96f4f6bae9714ed0a22c7142c01c24eb77fe4/setuptools-65.5.1-py3-none-any.whl", hash = "sha256:d0b9a8433464d5800cbe05094acf5c6d52a91bfac9b52bcfc4d41382be5d5d31"},
]
